
Microsoft Visual Studio Solution File, Format Version 12.00
# Visual Studio Version 17
VisualStudioVersion = 17.12.35527.113
MinimumVisualStudioVersion = 10.0.40219.1
Project("{FAE04EC0-301F-11D3-BF4B-00C04F79EFBC}") = "TradeSimulator.Backend", "TradeSimulator.Backend\TradeSimulator.Backend.csproj", "{87B62229-3370-4F8D-AFBE-CCBFD0A8AA55}"
	ProjectSection(ProjectDependencies) = postProject
		{568388FE-60C4-40B9-A5E2-2FE1124ADD2D} = {568388FE-60C4-40B9-A5E2-2FE1124ADD2D}
	EndProjectSection
EndProject
Project("{FAE04EC0-301F-11D3-BF4B-00C04F79EFBC}") = "TradeSimulator.Frontend.Blazor", "TradeSimulator.Frontend.Blazor\TradeSimulator.Frontend.Blazor.csproj", "{209D9506-DBC2-4322-82A0-B602F8594FE4}"
	ProjectSection(ProjectDependencies) = postProject
		{568388FE-60C4-40B9-A5E2-2FE1124ADD2D} = {568388FE-60C4-40B9-A5E2-2FE1124ADD2D}
	EndProjectSection
EndProject
Project("{FAE04EC0-301F-11D3-BF4B-00C04F79EFBC}") = "TradeSimulator.Shared", "TradeSimulator.Shared\TradeSimulator.Shared.csproj", "{568388FE-60C4-40B9-A5E2-2FE1124ADD2D}"
EndProject
Project("{FAE04EC0-301F-11D3-BF4B-00C04F79EFBC}") = "TradeSimulator.Frontend.WPF", "TradeSimulator.Frontend.WPF\TradeSimulator.Frontend.WPF.csproj", "{08D3F1C4-D450-47B9-B3AE-1B174FA9D2D1}"
EndProject
Global
	GlobalSection(SolutionConfigurationPlatforms) = preSolution
		Debug|Any CPU = Debug|Any CPU
		Release|Any CPU = Release|Any CPU
	EndGlobalSection
	GlobalSection(ProjectConfigurationPlatforms) = postSolution
		{87B62229-3370-4F8D-AFBE-CCBFD0A8AA55}.Debug|Any CPU.ActiveCfg = Debug|Any CPU
		{87B62229-3370-4F8D-AFBE-CCBFD0A8AA55}.Debug|Any CPU.Build.0 = Debug|Any CPU
		{87B62229-3370-4F8D-AFBE-CCBFD0A8AA55}.Release|Any CPU.ActiveCfg = Release|Any CPU
		{87B62229-3370-4F8D-AFBE-CCBFD0A8AA55}.Release|Any CPU.Build.0 = Release|Any CPU
		{209D9506-DBC2-4322-82A0-B602F8594FE4}.Debug|Any CPU.ActiveCfg = Debug|Any CPU
		{209D9506-DBC2-4322-82A0-B602F8594FE4}.Debug|Any CPU.Build.0 = Debug|Any CPU
		{209D9506-DBC2-4322-82A0-B602F8594FE4}.Release|Any CPU.ActiveCfg = Release|Any CPU
		{209D9506-DBC2-4322-82A0-B602F8594FE4}.Release|Any CPU.Build.0 = Release|Any CPU
		{568388FE-60C4-40B9-A5E2-2FE1124ADD2D}.Debug|Any CPU.ActiveCfg = Debug|Any CPU
		{568388FE-60C4-40B9-A5E2-2FE1124ADD2D}.Debug|Any CPU.Build.0 = Debug|Any CPU
		{568388FE-60C4-40B9-A5E2-2FE1124ADD2D}.Release|Any CPU.ActiveCfg = Release|Any CPU
		{568388FE-60C4-40B9-A5E2-2FE1124ADD2D}.Release|Any CPU.Build.0 = Release|Any CPU
		{08D3F1C4-D450-47B9-B3AE-1B174FA9D2D1}.Debug|Any CPU.ActiveCfg = Debug|Any CPU
		{08D3F1C4-D450-47B9-B3AE-1B174FA9D2D1}.Debug|Any CPU.Build.0 = Debug|Any CPU
		{08D3F1C4-D450-47B9-B3AE-1B174FA9D2D1}.Release|Any CPU.ActiveCfg = Release|Any CPU
		{08D3F1C4-D450-47B9-B3AE-1B174FA9D2D1}.Release|Any CPU.Build.0 = Release|Any CPU
	EndGlobalSection
	GlobalSection(SolutionProperties) = preSolution
		HideSolutionNode = FALSE
	EndGlobalSection
EndGlobal
